{
  "nodes": {
    "catppuccin": {
      "inputs": {
        "nixpkgs": "nixpkgs"
      },
      "locked": {
        "lastModified": 1786696832,
        "narHash": "sha256-wjdfX+jCJCJsteGD75xEfsDR3yATFFEx4mwelhlDXdU=",
        "owner": "catppuccin",
        "repo": "nix",
        "rev": "35d78c213b65e38789bcb359aae2380fcb4dc3e8",
        "type": "github"
      },
      "original": {
        "owner": "catppuccin",
        "repo": "nix",
        "type": "github"
      }
    },
    "clipvault-src": {
      "flake": false,
      "locked": {
        "lastModified": 1787649434,
        "narHash": "sha256-EN4g0pozhn8DuozxIJO7JFkdLsEuUOK83imwmo1QtUQ=",
        "owner": "rolv-apneseth",
        "repo": "clipvault",
        "rev": "3332dd0287fc10727b2b081cdc2d3dd785ae999b",
        "type": "github"
      },
      "original": {
        "owner": "rolv-apneseth",
        "repo": "clipvault",
        "type": "github"
      }
    },
    "frontend-sdl-rust-src": {
      "flake": false,
      "locked": {
        "lastModified": 1777012440,
        "narHash": "sha256-SrlLL7/pjvLQxBEMF6AsTsOJJJiJKFe/OWT8J36WcLc=",
        "owner": "projectM-visualizer",
        "repo": "frontend-sdl-rust",
        "rev": "44f00a3c55673677201664cb35b0ed6b0c51b935",
        "type": "github"
      },
      "original": {
        "owner": "projectM-visualizer",
        "repo": "frontend-sdl-rust",
        "type": "github"
      }
    },
    "home-manager": {
      "inputs": {
        "nixpkgs": [
          "nixpkgs"
        ]
      },
      "locked": {
        "lastModified": 1788355065,
        "narHash": "sha256-gAz5oTI7ur34CfuakQduiQd/2ZhO62Bn2XXg08nZYYQ=",
        "owner": "nix-community",
        "repo": "home-manager",
        "rev": "d9d750e4fc11c10cab2da677bdd31e427f3a3a71",
        "type": "github"
      },
      "original": {
        "owner": "nix-community",
        "repo": "home-manager",
        "type": "github"
      }
    },
    "hyprfm": {
      "inputs": {
        "nixpkgs": "nixpkgs_2",
        "quill": "quill",
        "quill-icons": "quill-icons"
      },
      "locked": {
        "lastModified": 1787841480,
        "narHash": "sha256-ErvZJgzCkWyjIE6mZBacNA3KR0Xnd3fGH1h8ZR2pNZc=",
        "owner": "soyeb-jim285",
        "repo": "hyprfm",
        "rev": "84626f94073b9b07ae66d571216facaddd54b32c",
        "type": "github"
      },
      "original": {
        "owner": "soyeb-jim285",
        "repo": "hyprfm",
        "rev": "84626f94073b9b07ae66d571216facaddd54b32c",
        "type": "github"
      }
    },
    "matugen": {
      "inputs": {
        "nixpkgs": "nixpkgs_3",
        "systems": "systems"
      },
      "locked": {
        "lastModified": 1787395013,
        "narHash": "sha256-AhQbhkLLdo+34IPn8b8Uino2HYbiisBSU5OHvIe+elw=",
        "owner": "InioX",
        "repo": "Matugen",
        "rev": "826e16b8f34402f67de86d9374bd6fd1040e7304",
        "type": "github"
      },
      "original": {
        "owner": "InioX",
        "repo": "Matugen",
        "type": "github"
      }
    },
    "nixpkgs": {
      "locked": {
        "lastModified": 1786534138,
        "narHash": "sha256-Cwffw7dPM56d8spt4/queFQ1cKg69D9qrsp+wfwKvfo=",
        "rev": "044bfe75bfe4c7bbe043dc17b5e42ea823b84a09",
        "type": "tarball",
        "url": "https://releases.nixos.org/nixpkgs/nixpkgs-26.11pre1052792.044bfe75bfe4/nixexprs.tar.xz"
      },
      "original": {
        "type": "tarball",
        "url": "https://channels.nixos.org/nixpkgs-unstable/nixexprs.tar.xz"
      }
    },
    "nixpkgs_2": {
      "locked": {
        "lastModified": 1787498568,
        "narHash": "sha256-9i/VTdusq/+NM/tz+J1Re+ojkMB8MBf0QshnYfzHz30=",
        "owner": "NixOS",
        "repo": "nixpkgs",
        "rev": "56c02bc00adcf003215cc4bd996d6efaf4cff188",
        "type": "github"
      },
      "original": {
        "owner": "NixOS",
        "ref": "nixos-unstable",
        "repo": "nixpkgs",
        "type": "github"
      }
    },
    "nixpkgs_3": {
      "locked": {
        "lastModified": 1771369470,
        "narHash": "sha256-0NBlEBKkN3lufyvFegY4TYv5mCNHbi5OmBDrzihbBMQ=",
        "owner": "nixos",
        "repo": "nixpkgs",
        "rev": "0182a361324364ae3f436a63005877674cf45efb",
        "type": "github"
      },
      "original": {
        "owner": "nixos",
        "ref": "nixos-unstable",
        "repo": "nixpkgs",
        "type": "github"
      }
    },
    "nixpkgs_4": {
      "locked": {
        "lastModified": 1788179007,
        "narHash": "sha256-hn1oU2rue2SYK8dAr8+WNZWtbsz1S2W5mnHlSEuh3bo=",
        "owner": "NixOS",
        "repo": "nixpkgs",
        "rev": "34ab99075ac4f7e40cf037eef32cb1c360bb85e9",
        "type": "github"
      },
      "original": {
        "owner": "NixOS",
        "ref": "nixos-unstable",
        "repo": "nixpkgs",
        "type": "github"
      }
    },
    "nixpkgs_5": {
      "locked": {
        "lastModified": 1787900134,
        "narHash": "sha256-5GWj0FI2uOwKNpXkmpWrSFDe1rCaNBCUQ8d+HDtFQPI=",
        "rev": "83199d0d373dd3ac2b9a1996b1d0263f76ab7a4c",
        "type": "tarball",
        "url": "https://releases.nixos.org/nixos/unstable/nixos-26.11pre1063296.83199d0d373d/nixexprs.tar.xz"
      },
      "original": {
        "type": "tarball",
        "url": "https://channels.nixos.org/nixos-unstable/nixexprs.tar.xz"
      }
    },
    "projectm-cream-of-the-crop": {
      "flake": false,
      "locked": {
        "lastModified": 1759980756,
        "narHash": "sha256-4ZyrXmiLR8hyzad9qPjOiDaVEEpPDR+nBr2uTrbRxLw=",
        "owner": "projectM-visualizer",
        "repo": "presets-cream-of-the-crop",
        "rev": "0180df21f5e0bd39b9060cc5de420ed2f1f9e509",
        "type": "github"
      },
      "original": {
        "owner": "projectM-visualizer",
        "repo": "presets-cream-of-the-crop",
        "type": "github"
      }
    },
    "projectm-milkdrop-texture-pack": {
      "flake": false,
      "locked": {
        "lastModified": 1786402148,
        "narHash": "sha256-Ayqx0jq4Lb/3gOPosWYgC8tZMeKquibw85fDNMaczeI=",
        "owner": "projectM-visualizer",
        "repo": "presets-milkdrop-texture-pack",
        "rev": "b6e461010ffbb78939d5b3c2248bb98af77411c3",
        "type": "github"
      },
      "original": {
        "owner": "projectM-visualizer",
        "repo": "presets-milkdrop-texture-pack",
        "type": "github"
      }
    },
    "quill": {
      "flake": false,
      "locked": {
        "lastModified": 1787841127,
        "narHash": "sha256-OhtKC8pL2tABEpvIo+DJUlXXz7wuVvxGA84FRW8aVaY=",
        "owner": "soyeb-jim285",
        "repo": "quill",
        "rev": "ad1785f108ea47b8950cbebcd6dd557ce84e4879",
        "type": "github"
      },
      "original": {
        "owner": "soyeb-jim285",
        "repo": "quill",
        "rev": "ad1785f108ea47b8950cbebcd6dd557ce84e4879",
        "type": "github"
      }
    },
    "quill-icons": {
      "flake": false,
      "locked": {
        "lastModified": 1776191081,
        "narHash": "sha256-ezwie0hSHNT0m65dgTgwwh16vfb/vAshcNaccQChnzM=",
        "owner": "soyeb-jim285",
        "repo": "quill-icons",
        "rev": "10db5facf6a560e60d2693ccd1909267ef436002",
        "type": "github"
      },
      "original": {
        "owner": "soyeb-jim285",
        "repo": "quill-icons",
        "rev": "10db5facf6a560e60d2693ccd1909267ef436002",
        "type": "github"
      }
    },
    "root": {
      "inputs": {
        "catppuccin": "catppuccin",
        "clipvault-src": "clipvault-src",
        "frontend-sdl-rust-src": "frontend-sdl-rust-src",
        "home-manager": "home-manager",
        "hyprfm": "hyprfm",
        "matugen": "matugen",
        "nixpkgs": "nixpkgs_4",
        "projectm-cream-of-the-crop": "projectm-cream-of-the-crop",
        "projectm-milkdrop-texture-pack": "projectm-milkdrop-texture-pack",
        "spicetify-nix": "spicetify-nix",
        "zen-browser": "zen-browser"
      }
    },
    "spicetify-nix": {
      "inputs": {
        "nixpkgs": "nixpkgs_5",
        "systems": "systems_2"
      },
      "locked": {
        "lastModified": 1788263070,
        "narHash": "sha256-Mw163zYcjr59hB2JMC1iKU1Y69SNKZ2r/haXZ07UWQY=",
        "owner": "Gerg-L",
        "repo": "spicetify-nix",
        "rev": "27ff19b00338052e8a504e1d1a34efad82c4bb26",
        "type": "github"
      },
      "original": {
        "owner": "Gerg-L",
        "repo": "spicetify-nix",
        "type": "github"
      }
    },
    "systems": {
      "locked": {
        "lastModified": 1689347949,
        "narHash": "sha256-12tWmuL2zgBgZkdoB6qXZsgJEH9LR3oUgpaQq2RbI80=",
        "owner": "nix-systems",
        "repo": "default-linux",
        "rev": "31732fcf5e8fea42e59c2488ad31a0e651500f68",
        "type": "github"
      },
      "original": {
        "owner": "nix-systems",
        "repo": "default-linux",
        "type": "github"
      }
    },
    "systems_2": {
      "locked": {
        "lastModified": 1681028828,
        "narHash": "sha256-Vy1rq5AaRuLzOxct8nz4T6wlgyUR7zLU309k9mBC768=",
        "owner": "nix-systems",
        "repo": "default",
        "rev": "da67096a3b9bf56a91d16901293e51ba5b49a27e",
        "type": "github"
      },
      "original": {
        "owner": "nix-systems",
        "repo": "default",
        "type": "github"
      }
    },
    "zen-browser": {
      "inputs": {
        "nixpkgs": [
          "nixpkgs"
        ]
      },
      "locked": {
        "lastModified": 1788083005,
        "narHash": "sha256-e6U3sXUlu/QzZyJp/+ymW8s57Jbdb7bwT9+WaTAhHfQ=",
        "owner": "youwen5",
        "repo": "zen-browser-flake",
        "rev": "afbbbef7c3c00f160f4a9dfdd8c6c6b8b089a33f",
        "type": "github"
      },
      "original": {
        "owner": "youwen5",
        "repo": "zen-browser-flake",
        "type": "github"
      }
    }
  },
  "root": "root",
  "version": 7
}
